
Microsoft Visual Studio Solution File, Format Version 12.00
# Visual Studio Version 17
VisualStudioVersion = 17.8.34511.84
MinimumVisualStudioVersion = 10.0.40219.1
Project("{9A19103F-16F7-4668-BE54-9A1E7A4F7556}") = "Shapes", "Shapes.csproj", "{A0B7652F-B9DA-433A-976D-F8AEC1B45F20}"
EndProject
Project("{FAE04EC0-301F-11D3-BF4B-00C04F79EFBC}") = "TestProject1", "..\TestProject1\TestProject1.csproj", "{1D41AB69-84C3-459A-93C7-5BAA4D0040C9}"
EndProject
Global
	GlobalSection(SolutionConfigurationPlatforms) = preSolution
		Debug|Any CPU = Debug|Any CPU
		Release|Any CPU = Release|Any CPU
	EndGlobalSection
	GlobalSection(ProjectConfigurationPlatforms) = postSolution
		{A0B7652F-B9DA-433A-976D-F8AEC1B45F20}.Debug|Any CPU.ActiveCfg = Debug|Any CPU
		{A0B7652F-B9DA-433A-976D-F8AEC1B45F20}.Debug|Any CPU.Build.0 = Debug|Any CPU
		{A0B7652F-B9DA-433A-976D-F8AEC1B45F20}.Release|Any CPU.ActiveCfg = Release|Any CPU
		{A0B7652F-B9DA-433A-976D-F8AEC1B45F20}.Release|Any CPU.Build.0 = Release|Any CPU
		{1D41AB69-84C3-459A-93C7-5BAA4D0040C9}.Debug|Any CPU.ActiveCfg = Debug|Any CPU
		{1D41AB69-84C3-459A-93C7-5BAA4D0040C9}.Debug|Any CPU.Build.0 = Debug|Any CPU
		{1D41AB69-84C3-459A-93C7-5BAA4D0040C9}.Release|Any CPU.ActiveCfg = Release|Any CPU
		{1D41AB69-84C3-459A-93C7-5BAA4D0040C9}.Release|Any CPU.Build.0 = Release|Any CPU
	EndGlobalSection
	GlobalSection(SolutionProperties) = preSolution
		HideSolutionNode = FALSE
	EndGlobalSection
	GlobalSection(ExtensibilityGlobals) = postSolution
		SolutionGuid = {E632B6F1-EBF5-4C1C-828C-8379882CFF45}
	EndGlobalSection
EndGlobal
